#MicroXplorer Configuration settings - do not modify
Mcu.Family=STM32F4
PC3.Mode=MII
LWIP.MEMP_NUM_TCPIP_MSG_API=1
ProjectManager.MainLocation=Core/Src
PA6.Mode=Full_Duplex_Master
PE8.PinState=GPIO_PIN_SET
RCC.CortexFreq_Value=84000000
ProjectManager.KeepUserCode=true
PE11.GPIOParameters=GPIO_Speed,GPIO_Label
Mcu.UserName=STM32F407VETx
SPI1.VirtualType=VM_MASTER
PB10.Mode=Activate Rx Err signal
SH.GPXTI9.0=GPIO_EXTI9
PE11.GPIO_Label=LEDG
LWIP.IP_REASSEMBLY=0
RCC.PLLCLKFreq_Value=168000000
RCC.PLLQCLKFreq_Value=84000000
PE8.GPIO_PuPd=GPIO_PULLUP
PD3.GPIOParameters=GPIO_Speed,GPIO_Label
ProjectManager.functionlistsort=1-MX_GPIO_Init-GPIO-false-HAL-true,2-SystemClock_Config-RCC-false-HAL-false,3-MX_SPI1_Init-SPI1-false-HAL-true,4-MX_LWIP_Init-LWIP-false-HAL-false
RCC.RTCFreq_Value=32000
PE10.GPIO_PuPd=GPIO_NOPULL
PD4.Locked=true
PC5.Mode=MII
PB11.Signal=ETH_TX_EN
PB13.Signal=ETH_TXD1
PB15.Signal=GPIO_Output
PD3.GPIO_Speed=GPIO_SPEED_FREQ_HIGH
LWIP.CHECKSUM_GEN_ICMP=1
PB15.PinState=GPIO_PIN_SET
PinOutPanel.RotationAngle=0
RCC.SYSCLKSource=RCC_SYSCLKSOURCE_PLLCLK
ProjectManager.StackSize=0x400
LWIP.NETMASK_ADDRESS=255.255.255.000
LWIP.MEMP_NUM_NETCONN=1
Mcu.IP4=SPI1
RCC.FCLKCortexFreq_Value=84000000
Mcu.IP5=SYS
Mcu.IP2=NVIC
NVIC.SVCall_IRQn=true\:0\:0\:false\:false\:true\:false\:false
Mcu.IP3=RCC
Mcu.IP0=ETH
Mcu.IP1=LWIP
Mcu.UserConstants=
LWIP.IPParameters=LWIP_DHCP,IP_ADDRESS,NETMASK_ADDRESS,GATEWAY_ADDRESS,LWIP_TCP,UDP_TTL,IP_DEFAULT_TTL,ARP_TABLE_SIZE,PBUF_POOL_SIZE,MEMP_NUM_RAW_PCB,MEMP_NUM_PBUF,MEMP_NUM_TCP_PCB_LISTEN,MEMP_NUM_TCP_SEG,MEMP_NUM_NETBUF,MEMP_NUM_NETCONN,IP_FRAG,MEMP_NUM_FRAG_PBUF,MEMP_NUM_REASSDATA,MEMP_NUM_UDP_PCB,MEMP_NUM_TCP_PCB,IP_REASSEMBLY,CHECKSUM_GEN_UDP,LWIP_SNMP,MEMP_NUM_SYS_TIMEOUT,MEMP_NUM_TCPIP_MSG_API,MEMP_NUM_ARP_QUEUE,PBUF_POOL_BUFSIZE,ARP_QUEUEING,ARP_QUEUE_LEN,CHECKSUM_GEN_ICMP
Mcu.ThirdPartyNb=0
SPI1.Direction=SPI_DIRECTION_2LINES
RCC.HCLKFreq_Value=84000000
PE2.Mode=MII
Mcu.IPNb=6
RCC.I2SClocksFreq_Value=192000000
ProjectManager.PreviousToolchain=
PD4.Signal=GPIO_Output
RCC.APB2TimFreq_Value=84000000
RCC.VcooutputI2S=192000000
SPI1.CalculateBaudRate=656.25 KBits/s
PC3.Signal=ETH_TX_CLK
PB15.GPIO_ModeDefaultOutputPP=GPIO_MODE_OUTPUT_PP
Mcu.Pin6=PA2
Mcu.Pin7=PA3
Mcu.Pin8=PA5
PE10.Locked=true
Mcu.Pin9=PA6
LWIP.MEMP_NUM_REASSDATA=100
RCC.AHBFreq_Value=84000000
Mcu.Pin0=PE2
Mcu.Pin1=PC1
GPIO.groupedBy=Group By Peripherals
Mcu.Pin2=PC2
Mcu.Pin3=PC3
Mcu.Pin4=PA0-WKUP
Mcu.Pin5=PA1
ProjectManager.ProjectBuild=false
LWIP.MEMP_NUM_SYS_TIMEOUT=8
RCC.HSE_VALUE=25000000
NVIC.UsageFault_IRQn=true\:0\:0\:false\:false\:true\:false\:false
LWIP.LWIP_SNMP=0
LWIP.UDP_TTL=128
NVIC.DebugMonitor_IRQn=true\:0\:0\:false\:false\:true\:false\:false
NVIC.SysTick_IRQn=true\:0\:0\:false\:false\:true\:false\:true
LWIP.LWIP_TCP=0
ProjectManager.FirmwarePackage=STM32Cube FW_F4 V1.26.1
MxDb.Version=DB.6.0.21
PA6.GPIO_PuPd=GPIO_PULLUP
ProjectManager.BackupPrevious=false
RCC.VCOInputFreq_Value=2000000
LWIP.MEMP_NUM_TCP_PCB_LISTEN=0
PE9.Signal=GPXTI9
PE8.Locked=true
PE9.Locked=true
PA5.GPIO_PuPd=GPIO_PULLUP
PB5.Mode=Full_Duplex_Master
SPI1.DataSize=SPI_DATASIZE_16BIT
File.Version=6
PD4.GPIO_ModeDefaultOutputPP=GPIO_MODE_OUTPUT_PP
PE2.Signal=ETH_TXD3
NVIC.PendSV_IRQn=true\:0\:0\:false\:false\:true\:false\:false
ETH.PHY_RESET_DELAY=0xff
PE10.Signal=GPIO_Output
ProjectManager.HalAssertFull=false
ProjectManager.ProjectName=Elbrus
RCC.MCO2PinFreq_Value=168000000
Mcu.Package=LQFP100
PB1.Signal=ETH_RXD3
PA6.Signal=SPI1_MISO
PB12.Mode=MII
PB15.GPIO_PuPd=GPIO_PULLUP
PE10.GPIOParameters=GPIO_PuPd,GPIO_Label
LWIP.IP_FRAG=0
ProjectManager.ToolChainLocation=
RCC.LSI_VALUE=32000
VP_SYS_VS_Systick.Signal=SYS_VS_Systick
PE12.GPIO_Label=LEDB
PA5.GPIOParameters=GPIO_PuPd
RCC.APB1TimFreq_Value=84000000
PE8.GPIO_ModeDefaultOutputPP=GPIO_MODE_OUTPUT_PP
NVIC.BusFault_IRQn=true\:0\:0\:false\:false\:true\:false\:false
PC5.Signal=ETH_RXD1
PD3.GPIO_Label=SCK
PB13.Mode=MII
PE10.GPIO_Label=LEDR
SPI1.BaudRatePrescaler=SPI_BAUDRATEPRESCALER_128
LWIP.PBUF_POOL_SIZE=16
PE12.Locked=true
ProjectManager.CustomerFirmwarePackage=
PC4.Mode=MII
VP_LWIP_VS_Enabled.Signal=LWIP_VS_Enabled
PB15.Locked=true
LWIP.IP_ADDRESS=192.168.001.010
PA3.Signal=ETH_COL
PA5.Mode=Full_Duplex_Master
PA6.GPIOParameters=GPIO_PuPd
ETH.AutoNegotiation=ETH_AUTONEGOTIATION_DISABLE
LWIP.IP_DEFAULT_TTL=128
LWIP.MEMP_NUM_TCP_SEG=0
ProjectManager.ProjectFileName=Elbrus.ioc
PE8.GPIOParameters=PinState,GPIO_PuPd,GPIO_Label,GPIO_ModeDefaultOutputPP
PA7.Mode=MII
Mcu.PinsNb=30
ProjectManager.NoMain=false
SPI1.IPParameters=VirtualType,Mode,Direction,CalculateBaudRate,BaudRatePrescaler,DataSize
PE11.GPIO_Speed=GPIO_SPEED_FREQ_VERY_HIGH
LWIP.MEMP_NUM_RAW_PCB=0
PD3.Signal=GPIO_Output
LWIP.MEMP_NUM_FRAG_PBUF=100
PC4.Signal=ETH_RXD0
PC2.Signal=ETH_TXD2
LWIP.ARP_TABLE_SIZE=50
ProjectManager.DefaultFWLocation=true
PC2.Mode=MII
LWIP.LWIP_DHCP=0
ProjectManager.DeletePrevious=true
RCC.APB1CLKDivider=RCC_HCLK_DIV2
RCC.FamilyName=M
PA0-WKUP.Signal=ETH_CRS
VP_LWIP_VS_Enabled.Mode=Enabled
LWIP.GATEWAY_ADDRESS=192.168.001.011
PE9.GPIOParameters=GPIO_PuPd,GPIO_Label,GPIO_ModeDefaultEXTI
ETH.IPParameters=MediaInterface,PHY_RESET_DELAY,AutoNegotiation
PA0-WKUP.Mode=MII
LWIP.MEMP_NUM_UDP_PCB=1
PA3.Mode=MII
PD4.PinState=GPIO_PIN_SET
LWIP.CHECKSUM_GEN_UDP=1
PD4.GPIO_PuPd=GPIO_PULLUP
LWIP.MEMP_NUM_ARP_QUEUE=100
LWIP.PBUF_POOL_BUFSIZE=1024
PB11.Mode=MII
ProjectManager.TargetToolchain=STM32CubeIDE
PE8.GPIO_Label=HOLD
ProjectManager.RegisterCallBack=
PE11.Signal=GPIO_Output
RCC.LSE_VALUE=32768
PE9.GPIO_Label=KEY
PD3.Locked=true
ETH.IPParametersWithoutCheck=PHY_RESET_DELAY
PA1.Signal=ETH_RX_CLK
PB10.Signal=ETH_RX_ER
RCC.VCOI2SOutputFreq_Value=384000000
PA5.Signal=SPI1_SCK
PB0.Mode=MII
board=custom
RCC.VCOOutputFreq_Value=336000000
ProjectManager.LastFirmware=true
LWIP.MEMP_NUM_PBUF=1
NVIC.SPI1_IRQn=true\:0\:0\:false\:false\:true\:true\:true
RCC.APB2Freq_Value=84000000
PA1.Mode=MII
LWIP.MEMP_NUM_TCP_PCB=0
LWIP.MEMP_NUM_NETBUF=1
MxCube.Version=6.2.1
PB15.GPIO_Label=MOSI
PE8.Signal=GPIO_Output
SPI1.Mode=SPI_MODE_MASTER
PD4.GPIO_Label=SCS
PD4.GPIO_Speed=GPIO_SPEED_FREQ_HIGH
PB15.GPIO_Speed=GPIO_SPEED_FREQ_VERY_HIGH
PD4.GPIOParameters=GPIO_Speed,PinState,GPIO_PuPd,GPIO_Label,GPIO_ModeDefaultOutputPP
VP_SYS_VS_Systick.Mode=SysTick
RCC.EthernetFreq_Value=168000000
NVIC.NonMaskableInt_IRQn=true\:0\:0\:false\:false\:true\:false\:false
RCC.AHBCLKDivider=RCC_SYSCLK_DIV2
PB15.GPIOParameters=GPIO_Speed,PinState,GPIO_PuPd,GPIO_Label,GPIO_ModeDefaultOutputPP
ProjectManager.FreePins=false
RCC.IPParameters=48MHZClocksFreq_Value,AHBCLKDivider,AHBFreq_Value,APB1CLKDivider,APB1Freq_Value,APB1TimFreq_Value,APB2Freq_Value,APB2TimFreq_Value,CortexFreq_Value,EthernetFreq_Value,FCLKCortexFreq_Value,FamilyName,HCLKFreq_Value,HSE_VALUE,HSI_VALUE,I2SClocksFreq_Value,LSE_VALUE,LSI_VALUE,MCO2PinFreq_Value,PLLCLKFreq_Value,PLLM,PLLN,PLLQCLKFreq_Value,RTCFreq_Value,RTCHSEDivFreq_Value,SYSCLKFreq_VALUE,SYSCLKSource,VCOI2SOutputFreq_Value,VCOInputFreq_Value,VCOOutputFreq_Value,VcooutputI2S
PE11.Locked=true
ProjectManager.AskForMigrate=true
Mcu.Name=STM32F407V(E-G)Tx
PE12.Signal=GPIO_Output
Mcu.Pin26=PD4
Mcu.Pin27=PB5
RCC.RTCHSEDivFreq_Value=12500000
PA2.Signal=ETH_MDIO
Mcu.Pin24=PB15
ProjectManager.UnderRoot=true
Mcu.Pin25=PD3
Mcu.Pin28=VP_LWIP_VS_Enabled
Mcu.Pin29=VP_SYS_VS_Systick
ProjectManager.CoupleFile=false
RCC.48MHZClocksFreq_Value=84000000
RCC.SYSCLKFreq_VALUE=168000000
Mcu.Pin22=PB12
PB5.Signal=SPI1_MOSI
ETH.MediaInterface=ETH_MEDIA_INTERFACE_MII
Mcu.Pin23=PB13
Mcu.Pin20=PB10
Mcu.Pin21=PB11
NVIC.ForceEnableDMAVector=true
KeepUserPlacement=false
LWIP.ARP_QUEUE_LEN=100
NVIC.MemoryManagement_IRQn=true\:0\:0\:false\:false\:true\:false\:false
ProjectManager.CompilerOptimize=6
SH.GPXTI9.ConfNb=1
NVIC.EXTI9_5_IRQn=true\:0\:0\:false\:false\:true\:true\:true
ProjectManager.HeapSize=0x200
Mcu.Pin15=PE8
NVIC.HardFault_IRQn=true\:0\:0\:false\:false\:true\:false\:false
PB1.Mode=MII
Mcu.Pin16=PE9
LWIP.Version=v2.1.2_Cube
Mcu.Pin13=PB0
Mcu.Pin14=PB1
Mcu.Pin19=PE12
ProjectManager.ComputerToolchain=false
Mcu.Pin17=PE10
RCC.HSI_VALUE=16000000
Mcu.Pin18=PE11
NVIC.PriorityGroup=NVIC_PRIORITYGROUP_4
Mcu.Pin11=PC4
Mcu.Pin12=PC5
RCC.PLLM=8
RCC.PLLN=168
Mcu.Pin10=PA7
PA2.Mode=MII
PE12.GPIOParameters=GPIO_Label
PE9.GPIO_ModeDefaultEXTI=GPIO_MODE_IT_RISING_FALLING
RCC.APB1Freq_Value=42000000
PB0.Signal=ETH_RXD2
LWIP.ARP_QUEUEING=1
ProjectManager.DeviceId=STM32F407VETx
PC1.Signal=ETH_MDC
PB12.Signal=ETH_TXD0
ProjectManager.LibraryCopy=1
PC1.Mode=MII
PA7.Signal=ETH_RX_DV
PE9.GPIO_PuPd=GPIO_PULLUP
isbadioc=false
